// !$*UTF8*$!
{
	archiveVersion = 1;
	classes = {
	};
	objectVersion = 50;
	objects = {

/* Begin PBXBuildFile section */
		01E0C59823CA3DE600DBDA9C /* collectionDetailViewController.swift in Sources */ = {isa = PBXBuildFile; fileRef = 01E0C58F23CA3DE500DBDA9C /* collectionDetailViewController.swift */; };
		01E0C59923CA3DE600DBDA9C /* CameraPreviewViewController.swift in Sources */ = {isa = PBXBuildFile; fileRef = 01E0C59023CA3DE600DBDA9C /* CameraPreviewViewController.swift */; };
		01E0C59A23CA3DE600DBDA9C /* PhotoPopupViewController.swift in Sources */ = {isa = PBXBuildFile; fileRef = 01E0C59123CA3DE600DBDA9C /* PhotoPopupViewController.swift */; };
		01E0C59B23CA3DE600DBDA9C /* MyCollectionViewController.swift in Sources */ = {isa = PBXBuildFile; fileRef = 01E0C59223CA3DE600DBDA9C /* MyCollectionViewController.swift */; };
		01E0C59C23CA3DE600DBDA9C /* myCollectionViewCell.swift in Sources */ = {isa = PBXBuildFile; fileRef = 01E0C59323CA3DE600DBDA9C /* myCollectionViewCell.swift */; };
		01E0C59D23CA3DE600DBDA9C /* myCollectionViewCell.xib in Resources */ = {isa = PBXBuildFile; fileRef = 01E0C59423CA3DE600DBDA9C /* myCollectionViewCell.xib */; };
		01E0C59E23CA3DE600DBDA9C /* MyProfilViewController.swift in Sources */ = {isa = PBXBuildFile; fileRef = 01E0C59523CA3DE600DBDA9C /* MyProfilViewController.swift */; };
		01E0C59F23CA3DE600DBDA9C /* UploadViewController.swift in Sources */ = {isa = PBXBuildFile; fileRef = 01E0C59623CA3DE600DBDA9C /* UploadViewController.swift */; };
		01E0C5A023CA3DE600DBDA9C /* CameraViewController.swift in Sources */ = {isa = PBXBuildFile; fileRef = 01E0C59723CA3DE600DBDA9C /* CameraViewController.swift */; };
		AACC368387C0CC1FC544659F /* Pods_SneakerApp.framework in Frameworks */ = {isa = PBXBuildFile; fileRef = 938FF386FBC155BDD556B4FD /* Pods_SneakerApp.framework */; };
		B6091C5B23A91FCB004F32D6 /* YoutubeVideoPlayer.swift in Sources */ = {isa = PBXBuildFile; fileRef = B6091C5A23A91FCB004F32D6 /* YoutubeVideoPlayer.swift */; };
		B60962ED23A42E8E0046F8CA /* NewsDetail2ViewController.swift in Sources */ = {isa = PBXBuildFile; fileRef = B60962EC23A42E8E0046F8CA /* NewsDetail2ViewController.swift */; };
		B611902C23A846820067E0A5 /* BackgroundColor.swift in Sources */ = {isa = PBXBuildFile; fileRef = B611902B23A846820067E0A5 /* BackgroundColor.swift */; };
		B611902E23A846A40067E0A5 /* ToastMessage.swift in Sources */ = {isa = PBXBuildFile; fileRef = B611902D23A846A40067E0A5 /* ToastMessage.swift */; };
		B614800C23881E810018DA71 /* Post.swift in Sources */ = {isa = PBXBuildFile; fileRef = B614800B23881E810018DA71 /* Post.swift */; };
		B614800E238821960018DA71 /* NewsArticleRequest.swift in Sources */ = {isa = PBXBuildFile; fileRef = B614800D238821960018DA71 /* NewsArticleRequest.swift */; };
		B6148010238829F40018DA71 /* NewsViewController.swift in Sources */ = {isa = PBXBuildFile; fileRef = B614800F238829F40018DA71 /* NewsViewController.swift */; };
		B6148013238890900018DA71 /* RoundButton.swift in Sources */ = {isa = PBXBuildFile; fileRef = B6148012238890900018DA71 /* RoundButton.swift */; };
		B61480152388B16D0018DA71 /* BlogPostTableViewCell.swift in Sources */ = {isa = PBXBuildFile; fileRef = B61480142388B16D0018DA71 /* BlogPostTableViewCell.swift */; };
		B6204D6E239436B8003B8E81 /* SneakerDetailViewController.swift in Sources */ = {isa = PBXBuildFile; fileRef = B6204D6D239436B8003B8E81 /* SneakerDetailViewController.swift */; };
		B633129A23A01A2C001A63E1 /* FetchData.swift in Sources */ = {isa = PBXBuildFile; fileRef = B633129923A01A2C001A63E1 /* FetchData.swift */; };
		B633129E23A03837001A63E1 /* NewsPost.swift in Sources */ = {isa = PBXBuildFile; fileRef = B633129D23A03837001A63E1 /* NewsPost.swift */; };
		B642950723CD20FB00377CEA /* LastPageViewController.swift in Sources */ = {isa = PBXBuildFile; fileRef = B642950623CD20FB00377CEA /* LastPageViewController.swift */; };
		B64868D023A7E41100D2496A /* Main.storyboard in Resources */ = {isa = PBXBuildFile; fileRef = B64868CF23A7E41100D2496A /* Main.storyboard */; };
		B64868D223A7E47200D2496A /* LoadingViewController.swift in Sources */ = {isa = PBXBuildFile; fileRef = B64868D123A7E47200D2496A /* LoadingViewController.swift */; };
		B64868D623A7E50700D2496A /* intro.mp4 in Resources */ = {isa = PBXBuildFile; fileRef = B64868D523A7E4D100D2496A /* intro.mp4 */; };
		B6558E4223A8EC4000776BDA /* DataController.swift in Sources */ = {isa = PBXBuildFile; fileRef = B6558E4123A8EC4000776BDA /* DataController.swift */; };
		B65619BA23C7D5B200E03364 /* GuideViewController.swift in Sources */ = {isa = PBXBuildFile; fileRef = B65619B923C7D5B200E03364 /* GuideViewController.swift */; };
		B670CEE0239EF04C00648B38 /* SearchViewController.swift in Sources */ = {isa = PBXBuildFile; fileRef = B670CEDF239EF04C00648B38 /* SearchViewController.swift */; };
		B68EEF2B23B0DF8500C6287E /* RefreshView.xib in Resources */ = {isa = PBXBuildFile; fileRef = B68EEF2A23B0DF8500C6287E /* RefreshView.xib */; };
		B68EEF2D23B0DFAF00C6287E /* RefreshView.swift in Sources */ = {isa = PBXBuildFile; fileRef = B68EEF2C23B0DFAF00C6287E /* RefreshView.swift */; };
		B68EEF3023B0E40800C6287E /* Assets.xcassets in Resources */ = {isa = PBXBuildFile; fileRef = B68EEF2E23B0E18900C6287E /* Assets.xcassets */; };
		B694A85223CDE051008DFE9F /* Arenq.otf in Resources */ = {isa = PBXBuildFile; fileRef = B694A85123CDE051008DFE9F /* Arenq.otf */; };
		B6A388CC23B55877005206B7 /* CustomAnimator.swift in Sources */ = {isa = PBXBuildFile; fileRef = B6A388CB23B55877005206B7 /* CustomAnimator.swift */; };
		B6AF0A1423AF9DE500A44082 /* SneakerDetail.swift in Sources */ = {isa = PBXBuildFile; fileRef = B6AF0A1323AF9DE500A44082 /* SneakerDetail.swift */; };
		B6D688F723CA9E6E0019B443 /* CameraViewController.swift in Sources */ = {isa = PBXBuildFile; fileRef = B6D688EE23CA9E6E0019B443 /* CameraViewController.swift */; };
		B6D688F823CA9E6E0019B443 /* collectionDetailViewController.swift in Sources */ = {isa = PBXBuildFile; fileRef = B6D688EF23CA9E6E0019B443 /* collectionDetailViewController.swift */; };
		B6D688F923CA9E6E0019B443 /* CameraPreviewViewController.swift in Sources */ = {isa = PBXBuildFile; fileRef = B6D688F023CA9E6E0019B443 /* CameraPreviewViewController.swift */; };
		B6D688FA23CA9E6E0019B443 /* myCollectionViewCell.swift in Sources */ = {isa = PBXBuildFile; fileRef = B6D688F123CA9E6E0019B443 /* myCollectionViewCell.swift */; };
		B6D7183F2390826000E2C0A2 /* BlogPostCollectionViewCell.swift in Sources */ = {isa = PBXBuildFile; fileRef = B6D7183E2390826000E2C0A2 /* BlogPostCollectionViewCell.swift */; };
		B6F14F6D2393144A007FDB10 /* CalenderViewController.swift in Sources */ = {isa = PBXBuildFile; fileRef = B6F14F6C2393144A007FDB10 /* CalenderViewController.swift */; };
		B6F14F7023931C48007FDB10 /* SneakerCollectionViewCell.swift in Sources */ = {isa = PBXBuildFile; fileRef = B6F14F6F23931C48007FDB10 /* SneakerCollectionViewCell.swift */; };
		B6F14F72239320B4007FDB10 /* Sneaker.swift in Sources */ = {isa = PBXBuildFile; fileRef = B6F14F71239320B4007FDB10 /* Sneaker.swift */; };
		B6FA71BA2384734B002DA281 /* AppDelegate.swift in Sources */ = {isa = PBXBuildFile; fileRef = B6FA71B92384734B002DA281 /* AppDelegate.swift */; };
		B6FA71BC2384734B002DA281 /* SceneDelegate.swift in Sources */ = {isa = PBXBuildFile; fileRef = B6FA71BB2384734B002DA281 /* SceneDelegate.swift */; };
		B6FA71C42384734B002DA281 /* SneakerApp.xcdatamodeld in Sources */ = {isa = PBXBuildFile; fileRef = B6FA71C22384734B002DA281 /* SneakerApp.xcdatamodeld */; };
		B6FA71C92384734E002DA281 /* LaunchScreen.storyboard in Resources */ = {isa = PBXBuildFile; fileRef = B6FA71C72384734E002DA281 /* LaunchScreen.storyboard */; };
		B6FB793323CCC6E200497AC9 /* OnboardingViewController.swift in Sources */ = {isa = PBXBuildFile; fileRef = B6FB793223CCC6E200497AC9 /* OnboardingViewController.swift */; };
/* End PBXBuildFile section */

/* Begin PBXFileReference section */
		01E0C58F23CA3DE500DBDA9C /* collectionDetailViewController.swift */ = {isa = PBXFileReference; fileEncoding = 4; lastKnownFileType = sourcecode.swift; path = collectionDetailViewController.swift; sourceTree = "<group>"; };
		01E0C59023CA3DE600DBDA9C /* CameraPreviewViewController.swift */ = {isa = PBXFileReference; fileEncoding = 4; lastKnownFileType = sourcecode.swift; path = CameraPreviewViewController.swift; sourceTree = "<group>"; };
		01E0C59123CA3DE600DBDA9C /* PhotoPopupViewController.swift */ = {isa = PBXFileReference; fileEncoding = 4; lastKnownFileType = sourcecode.swift; path = PhotoPopupViewController.swift; sourceTree = "<group>"; };
		01E0C59223CA3DE600DBDA9C /* MyCollectionViewController.swift */ = {isa = PBXFileReference; fileEncoding = 4; lastKnownFileType = sourcecode.swift; path = MyCollectionViewController.swift; sourceTree = "<group>"; };
		01E0C59323CA3DE600DBDA9C /* myCollectionViewCell.swift */ = {isa = PBXFileReference; fileEncoding = 4; lastKnownFileType = sourcecode.swift; path = myCollectionViewCell.swift; sourceTree = "<group>"; };
		01E0C59423CA3DE600DBDA9C /* myCollectionViewCell.xib */ = {isa = PBXFileReference; fileEncoding = 4; lastKnownFileType = file.xib; path = myCollectionViewCell.xib; sourceTree = "<group>"; };
		01E0C59523CA3DE600DBDA9C /* MyProfilViewController.swift */ = {isa = PBXFileReference; fileEncoding = 4; lastKnownFileType = sourcecode.swift; path = MyProfilViewController.swift; sourceTree = "<group>"; };
		01E0C59623CA3DE600DBDA9C /* UploadViewController.swift */ = {isa = PBXFileReference; fileEncoding = 4; lastKnownFileType = sourcecode.swift; path = UploadViewController.swift; sourceTree = "<group>"; };
		01E0C59723CA3DE600DBDA9C /* CameraViewController.swift */ = {isa = PBXFileReference; fileEncoding = 4; lastKnownFileType = sourcecode.swift; path = CameraViewController.swift; sourceTree = "<group>"; };
		291FCB0E6C83781688CF6259 /* Pods-SneakerApp.release.xcconfig */ = {isa = PBXFileReference; includeInIndex = 1; lastKnownFileType = text.xcconfig; name = "Pods-SneakerApp.release.xcconfig"; path = "Target Support Files/Pods-SneakerApp/Pods-SneakerApp.release.xcconfig"; sourceTree = "<group>"; };
		938FF386FBC155BDD556B4FD /* Pods_SneakerApp.framework */ = {isa = PBXFileReference; explicitFileType = wrapper.framework; includeInIndex = 0; path = Pods_SneakerApp.framework; sourceTree = BUILT_PRODUCTS_DIR; };
		94AA74E98E3A6DAF3057C76E /* Pods-SneakerApp.debug.xcconfig */ = {isa = PBXFileReference; includeInIndex = 1; lastKnownFileType = text.xcconfig; name = "Pods-SneakerApp.debug.xcconfig"; path = "Target Support Files/Pods-SneakerApp/Pods-SneakerApp.debug.xcconfig"; sourceTree = "<group>"; };
		B6091C5A23A91FCB004F32D6 /* YoutubeVideoPlayer.swift */ = {isa = PBXFileReference; lastKnownFileType = sourcecode.swift; path = YoutubeVideoPlayer.swift; sourceTree = "<group>"; };
		B60962EC23A42E8E0046F8CA /* NewsDetail2ViewController.swift */ = {isa = PBXFileReference; lastKnownFileType = sourcecode.swift; path = NewsDetail2ViewController.swift; sourceTree = "<group>"; };
		B611902B23A846820067E0A5 /* BackgroundColor.swift */ = {isa = PBXFileReference; fileEncoding = 4; lastKnownFileType = sourcecode.swift; path = BackgroundColor.swift; sourceTree = "<group>"; };
		B611902D23A846A40067E0A5 /* ToastMessage.swift */ = {isa = PBXFileReference; fileEncoding = 4; lastKnownFileType = sourcecode.swift; path = ToastMessage.swift; sourceTree = "<group>"; };
		B614800B23881E810018DA71 /* Post.swift */ = {isa = PBXFileReference; lastKnownFileType = sourcecode.swift; path = Post.swift; sourceTree = "<group>"; };
		B614800D238821960018DA71 /* NewsArticleRequest.swift */ = {isa = PBXFileReference; lastKnownFileType = sourcecode.swift; path = NewsArticleRequest.swift; sourceTree = "<group>"; };
		B614800F238829F40018DA71 /* NewsViewController.swift */ = {isa = PBXFileReference; lastKnownFileType = sourcecode.swift; path = NewsViewController.swift; sourceTree = "<group>"; };
		B6148012238890900018DA71 /* RoundButton.swift */ = {isa = PBXFileReference; lastKnownFileType = sourcecode.swift; path = RoundButton.swift; sourceTree = "<group>"; };
		B61480142388B16D0018DA71 /* BlogPostTableViewCell.swift */ = {isa = PBXFileReference; lastKnownFileType = sourcecode.swift; path = BlogPostTableViewCell.swift; sourceTree = "<group>"; };
		B6204D6D239436B8003B8E81 /* SneakerDetailViewController.swift */ = {isa = PBXFileReference; lastKnownFileType = sourcecode.swift; path = SneakerDetailViewController.swift; sourceTree = "<group>"; };
		B633129923A01A2C001A63E1 /* FetchData.swift */ = {isa = PBXFileReference; lastKnownFileType = sourcecode.swift; path = FetchData.swift; sourceTree = "<group>"; };
		B633129D23A03837001A63E1 /* NewsPost.swift */ = {isa = PBXFileReference; lastKnownFileType = sourcecode.swift; path = NewsPost.swift; sourceTree = "<group>"; };
		B642950623CD20FB00377CEA /* LastPageViewController.swift */ = {isa = PBXFileReference; lastKnownFileType = sourcecode.swift; path = LastPageViewController.swift; sourceTree = "<group>"; };
		B64868CF23A7E41100D2496A /* Main.storyboard */ = {isa = PBXFileReference; fileEncoding = 4; lastKnownFileType = file.storyboard; path = Main.storyboard; sourceTree = "<group>"; };
		B64868D123A7E47200D2496A /* LoadingViewController.swift */ = {isa = PBXFileReference; fileEncoding = 4; lastKnownFileType = sourcecode.swift; path = LoadingViewController.swift; sourceTree = "<group>"; };
		B64868D523A7E4D100D2496A /* intro.mp4 */ = {isa = PBXFileReference; lastKnownFileType = file; path = intro.mp4; sourceTree = "<group>"; };
		B6558E4123A8EC4000776BDA /* DataController.swift */ = {isa = PBXFileReference; lastKnownFileType = sourcecode.swift; path = DataController.swift; sourceTree = "<group>"; };
		B65619B923C7D5B200E03364 /* GuideViewController.swift */ = {isa = PBXFileReference; lastKnownFileType = sourcecode.swift; path = GuideViewController.swift; sourceTree = "<group>"; };
		B670CEDF239EF04C00648B38 /* SearchViewController.swift */ = {isa = PBXFileReference; lastKnownFileType = sourcecode.swift; path = SearchViewController.swift; sourceTree = "<group>"; };
		B68EEF2A23B0DF8500C6287E /* RefreshView.xib */ = {isa = PBXFileReference; lastKnownFileType = file.xib; path = RefreshView.xib; sourceTree = "<group>"; };
		B68EEF2C23B0DFAF00C6287E /* RefreshView.swift */ = {isa = PBXFileReference; lastKnownFileType = sourcecode.swift; path = RefreshView.swift; sourceTree = "<group>"; };
		B68EEF2E23B0E18900C6287E /* Assets.xcassets */ = {isa = PBXFileReference; lastKnownFileType = folder.assetcatalog; path = Assets.xcassets; sourceTree = "<group>"; };
		B68F2454238C1F2F00AAAC8E /* SneakerApp.entitlements */ = {isa = PBXFileReference; lastKnownFileType = text.plist.entitlements; path = SneakerApp.entitlements; sourceTree = "<group>"; };
		B694A85123CDE051008DFE9F /* Arenq.otf */ = {isa = PBXFileReference; lastKnownFileType = file; path = Arenq.otf; sourceTree = "<group>"; };
		B6A388CB23B55877005206B7 /* CustomAnimator.swift */ = {isa = PBXFileReference; lastKnownFileType = sourcecode.swift; path = CustomAnimator.swift; sourceTree = "<group>"; };
		B6AF0A1323AF9DE500A44082 /* SneakerDetail.swift */ = {isa = PBXFileReference; lastKnownFileType = sourcecode.swift; path = SneakerDetail.swift; sourceTree = "<group>"; };
		B6D688EE23CA9E6E0019B443 /* CameraViewController.swift */ = {isa = PBXFileReference; fileEncoding = 4; lastKnownFileType = sourcecode.swift; name = CameraViewController.swift; path = SneakerApp/ViewController/Profil/CameraViewController.swift; sourceTree = SOURCE_ROOT; };
		B6D688EF23CA9E6E0019B443 /* collectionDetailViewController.swift */ = {isa = PBXFileReference; fileEncoding = 4; lastKnownFileType = sourcecode.swift; name = collectionDetailViewController.swift; path = SneakerApp/ViewController/Profil/collectionDetailViewController.swift; sourceTree = SOURCE_ROOT; };
		B6D688F023CA9E6E0019B443 /* CameraPreviewViewController.swift */ = {isa = PBXFileReference; fileEncoding = 4; lastKnownFileType = sourcecode.swift; name = CameraPreviewViewController.swift; path = SneakerApp/ViewController/Profil/CameraPreviewViewController.swift; sourceTree = SOURCE_ROOT; };
		B6D688F123CA9E6E0019B443 /* myCollectionViewCell.swift */ = {isa = PBXFileReference; fileEncoding = 4; lastKnownFileType = sourcecode.swift; name = myCollectionViewCell.swift; path = SneakerApp/ViewController/Profil/myCollectionViewCell.swift; sourceTree = SOURCE_ROOT; };
		B6D7183E2390826000E2C0A2 /* BlogPostCollectionViewCell.swift */ = {isa = PBXFileReference; lastKnownFileType = sourcecode.swift; path = BlogPostCollectionViewCell.swift; sourceTree = "<group>"; };
		B6F14F6C2393144A007FDB10 /* CalenderViewController.swift */ = {isa = PBXFileReference; lastKnownFileType = sourcecode.swift; path = CalenderViewController.swift; sourceTree = "<group>"; };
		B6F14F6F23931C48007FDB10 /* SneakerCollectionViewCell.swift */ = {isa = PBXFileReference; lastKnownFileType = sourcecode.swift; path = SneakerCollectionViewCell.swift; sourceTree = "<group>"; };
		B6F14F71239320B4007FDB10 /* Sneaker.swift */ = {isa = PBXFileReference; lastKnownFileType = sourcecode.swift; path = Sneaker.swift; sourceTree = "<group>"; };
		B6FA71B62384734B002DA281 /* SneakerApp.app */ = {isa = PBXFileReference; explicitFileType = wrapper.application; includeInIndex = 0; path = SneakerApp.app; sourceTree = BUILT_PRODUCTS_DIR; };
		B6FA71B92384734B002DA281 /* AppDelegate.swift */ = {isa = PBXFileReference; lastKnownFileType = sourcecode.swift; path = AppDelegate.swift; sourceTree = "<group>"; };
		B6FA71BB2384734B002DA281 /* SceneDelegate.swift */ = {isa = PBXFileReference; lastKnownFileType = sourcecode.swift; path = SceneDelegate.swift; sourceTree = "<group>"; };
		B6FA71C32384734B002DA281 /* SneakerApp.xcdatamodel */ = {isa = PBXFileReference; lastKnownFileType = wrapper.xcdatamodel; path = SneakerApp.xcdatamodel; sourceTree = "<group>"; };
		B6FA71C82384734E002DA281 /* Base */ = {isa = PBXFileReference; lastKnownFileType = file.storyboard; name = Base; path = Base.lproj/LaunchScreen.storyboard; sourceTree = "<group>"; };
		B6FA71CA2384734E002DA281 /* Info.plist */ = {isa = PBXFileReference; lastKnownFileType = text.plist.xml; path = Info.plist; sourceTree = "<group>"; };
		B6FB793223CCC6E200497AC9 /* OnboardingViewController.swift */ = {isa = PBXFileReference; lastKnownFileType = sourcecode.swift; path = OnboardingViewController.swift; sourceTree = "<group>"; };
/* End PBXFileReference section */

/* Begin PBXFrameworksBuildPhase section */
		B6FA71B32384734B002DA281 /* Frameworks */ = {
			isa = PBXFrameworksBuildPhase;
			buildActionMask = 2147483647;
			files = (
				AACC368387C0CC1FC544659F /* Pods_SneakerApp.framework in Frameworks */,
			);
			runOnlyForDeploymentPostprocessing = 0;
		};
/* End PBXFrameworksBuildPhase section */

/* Begin PBXGroup section */
		0105BE3E23CDBBE900CA4508 /* Recovered References */ = {
			isa = PBXGroup;
			children = (
				B6D688F123CA9E6E0019B443 /* myCollectionViewCell.swift */,
				B6D688EF23CA9E6E0019B443 /* collectionDetailViewController.swift */,
				B6D688F023CA9E6E0019B443 /* CameraPreviewViewController.swift */,
				B6D688EE23CA9E6E0019B443 /* CameraViewController.swift */,
			);
			name = "Recovered References";
			sourceTree = "<group>";
		};
		01E0C58E23CA3DD500DBDA9C /* Profil */ = {
			isa = PBXGroup;
			children = (
				01E0C59023CA3DE600DBDA9C /* CameraPreviewViewController.swift */,
				01E0C59723CA3DE600DBDA9C /* CameraViewController.swift */,
				01E0C58F23CA3DE500DBDA9C /* collectionDetailViewController.swift */,
				01E0C59323CA3DE600DBDA9C /* myCollectionViewCell.swift */,
				01E0C59423CA3DE600DBDA9C /* myCollectionViewCell.xib */,
				01E0C59223CA3DE600DBDA9C /* MyCollectionViewController.swift */,
				01E0C59523CA3DE600DBDA9C /* MyProfilViewController.swift */,
				01E0C59123CA3DE600DBDA9C /* PhotoPopupViewController.swift */,
				01E0C59623CA3DE600DBDA9C /* UploadViewController.swift */,
			);
			path = Profil;
			sourceTree = "<group>";
		};
		B614800A23881E3C0018DA71 /* Models */ = {
			isa = PBXGroup;
			children = (
				B614800B23881E810018DA71 /* Post.swift */,
				B614800D238821960018DA71 /* NewsArticleRequest.swift */,
				B6F14F71239320B4007FDB10 /* Sneaker.swift */,
				B633129D23A03837001A63E1 /* NewsPost.swift */,
				B6558E4123A8EC4000776BDA /* DataController.swift */,
				B6AF0A1323AF9DE500A44082 /* SneakerDetail.swift */,
			);
			path = Models;
			sourceTree = "<group>";
		};
		B614801123888F940018DA71 /* UI_Elements */ = {
			isa = PBXGroup;
			children = (
				B694A84D23CDD52C008DFE9F /* Fonts */,
				B68EEF2923B0DEB300C6287E /* RefreshView */,
				B6F14F6E23931B49007FDB10 /* CollectionViewCell */,
				B6148012238890900018DA71 /* RoundButton.swift */,
				B61480142388B16D0018DA71 /* BlogPostTableViewCell.swift */,
				B611902D23A846A40067E0A5 /* ToastMessage.swift */,
				B611902B23A846820067E0A5 /* BackgroundColor.swift */,
			);
			path = UI_Elements;
			sourceTree = "<group>";
		};
		B6204D6B239433DF003B8E81 /* ViewController */ = {
			isa = PBXGroup;
			children = (
				01E0C58E23CA3DD500DBDA9C /* Profil */,
				B663D27C23C82DEA007CCA00 /* LoadingView */,
				B65619B223C7A84A00E03364 /* Guide */,
				B6D24B51239693A700D4D6AC /* News */,
				B6204D6C23943690003B8E81 /* Calender */,
				B670CEDE239EF02F00648B38 /* Search */,
			);
			path = ViewController;
			sourceTree = "<group>";
		};
		B6204D6C23943690003B8E81 /* Calender */ = {
			isa = PBXGroup;
			children = (
				B6F14F6C2393144A007FDB10 /* CalenderViewController.swift */,
				B6204D6D239436B8003B8E81 /* SneakerDetailViewController.swift */,
			);
			path = Calender;
			sourceTree = "<group>";
		};
		B65619B223C7A84A00E03364 /* Guide */ = {
			isa = PBXGroup;
			children = (
				B65619B923C7D5B200E03364 /* GuideViewController.swift */,
				B6FB793223CCC6E200497AC9 /* OnboardingViewController.swift */,
				B642950623CD20FB00377CEA /* LastPageViewController.swift */,
			);
			path = Guide;
			sourceTree = "<group>";
		};
		B663D27C23C82DEA007CCA00 /* LoadingView */ = {
			isa = PBXGroup;
			children = (
				B64868D123A7E47200D2496A /* LoadingViewController.swift */,
			);
			path = LoadingView;
			sourceTree = "<group>";
		};
		B670CEDE239EF02F00648B38 /* Search */ = {
			isa = PBXGroup;
			children = (
				B670CEDF239EF04C00648B38 /* SearchViewController.swift */,
			);
			path = Search;
			sourceTree = "<group>";
		};
		B68EEF2923B0DEB300C6287E /* RefreshView */ = {
			isa = PBXGroup;
			children = (
				B68EEF2A23B0DF8500C6287E /* RefreshView.xib */,
				B68EEF2C23B0DFAF00C6287E /* RefreshView.swift */,
			);
			path = RefreshView;
			sourceTree = "<group>";
		};
		B694A84D23CDD52C008DFE9F /* Fonts */ = {
			isa = PBXGroup;
			children = (
				B694A85123CDE051008DFE9F /* Arenq.otf */,
			);
			path = Fonts;
			sourceTree = "<group>";
		};
		B6D24B51239693A700D4D6AC /* News */ = {
			isa = PBXGroup;
			children = (
				B614800F238829F40018DA71 /* NewsViewController.swift */,
				B60962EC23A42E8E0046F8CA /* NewsDetail2ViewController.swift */,
			);
			path = News;
			sourceTree = "<group>";
		};
		B6F14F6E23931B49007FDB10 /* CollectionViewCell */ = {
			isa = PBXGroup;
			children = (
				B6D7183E2390826000E2C0A2 /* BlogPostCollectionViewCell.swift */,
				B6F14F6F23931C48007FDB10 /* SneakerCollectionViewCell.swift */,
			);
			path = CollectionViewCell;
			sourceTree = "<group>";
		};
		B6FA71AD2384734B002DA281 = {
			isa = PBXGroup;
			children = (
				B6FA71B72384734B002DA281 /* Products */,
				B6FA71B82384734B002DA281 /* SneakerApp */,
				B68EEF2E23B0E18900C6287E /* Assets.xcassets */,
				CD7958A6F396EEAAF621C7CD /* Pods */,
				ECF9975D0382F4DD15462407 /* Frameworks */,
				B6FB793123CCC29C00497AC9 /* Recovered References */,
			);
			sourceTree = "<group>";
		};
		B6FA71B72384734B002DA281 /* Products */ = {
			isa = PBXGroup;
			children = (
				B6FA71B62384734B002DA281 /* SneakerApp.app */,
			);
			name = Products;
			sourceTree = "<group>";
		};
		B6FA71B82384734B002DA281 /* SneakerApp */ = {
			isa = PBXGroup;
			children = (
				B6FA71CA2384734E002DA281 /* Info.plist */,
				B68F2454238C1F2F00AAAC8E /* SneakerApp.entitlements */,
				B6FA71C22384734B002DA281 /* SneakerApp.xcdatamodeld */,
				B6204D6B239433DF003B8E81 /* ViewController */,
				B614801123888F940018DA71 /* UI_Elements */,
				B614800A23881E3C0018DA71 /* Models */,
				B6FA71B92384734B002DA281 /* AppDelegate.swift */,
				B6FA71BB2384734B002DA281 /* SceneDelegate.swift */,
				B64868CF23A7E41100D2496A /* Main.storyboard */,
				B6FA71C72384734E002DA281 /* LaunchScreen.storyboard */,
				B633129923A01A2C001A63E1 /* FetchData.swift */,
				B64868D523A7E4D100D2496A /* intro.mp4 */,
				B6A388CB23B55877005206B7 /* CustomAnimator.swift */,
				B6091C5A23A91FCB004F32D6 /* YoutubeVideoPlayer.swift */,
			);
			path = SneakerApp;
			sourceTree = "<group>";
		};
		B6FB793123CCC29C00497AC9 /* Recovered References */ = {
			isa = PBXGroup;
			children = (
				B6D688F123CA9E6E0019B443 /* myCollectionViewCell.swift */,
				B6D688EF23CA9E6E0019B443 /* collectionDetailViewController.swift */,
				B6D688F023CA9E6E0019B443 /* CameraPreviewViewController.swift */,
				B6D688EE23CA9E6E0019B443 /* CameraViewController.swift */,
			);
			name = "Recovered References";
			sourceTree = "<group>";
		};
		CD7958A6F396EEAAF621C7CD /* Pods */ = {
			isa = PBXGroup;
			children = (
				94AA74E98E3A6DAF3057C76E /* Pods-SneakerApp.debug.xcconfig */,
				291FCB0E6C83781688CF6259 /* Pods-SneakerApp.release.xcconfig */,
			);
			path = Pods;
			sourceTree = "<group>";
		};
		ECF9975D0382F4DD15462407 /* Frameworks */ = {
			isa = PBXGroup;
			children = (
				938FF386FBC155BDD556B4FD /* Pods_SneakerApp.framework */,
			);
			name = Frameworks;
			sourceTree = "<group>";
		};
/* End PBXGroup section */

/* Begin PBXNativeTarget section */
		B6FA71B52384734B002DA281 /* SneakerApp */ = {
			isa = PBXNativeTarget;
			buildConfigurationList = B6FA71CD2384734E002DA281 /* Build configuration list for PBXNativeTarget "SneakerApp" */;
			buildPhases = (
				EB592DD2377BB4448F8781E1 /* [CP] Check Pods Manifest.lock */,
				B6FA71B22384734B002DA281 /* Sources */,
				B6FA71B32384734B002DA281 /* Frameworks */,
				B6FA71B42384734B002DA281 /* Resources */,
			);
			buildRules = (
			);
			dependencies = (
			);
			name = SneakerApp;
			productName = SneakerApp;
			productReference = B6FA71B62384734B002DA281 /* SneakerApp.app */;
			productType = "com.apple.product-type.application";
		};
/* End PBXNativeTarget section */

/* Begin PBXProject section */
		B6FA71AE2384734B002DA281 /* Project object */ = {
			isa = PBXProject;
			attributes = {
				LastSwiftUpdateCheck = 1110;
				LastUpgradeCheck = 1110;
				ORGANIZATIONNAME = Dung;
				TargetAttributes = {
					B6FA71B52384734B002DA281 = {
						CreatedOnToolsVersion = 11.1;
					};
				};
			};
			buildConfigurationList = B6FA71B12384734B002DA281 /* Build configuration list for PBXProject "SneakerApp" */;
			compatibilityVersion = "Xcode 9.3";
			developmentRegion = en;
			hasScannedForEncodings = 0;
			knownRegions = (
				en,
				Base,
			);
			mainGroup = B6FA71AD2384734B002DA281;
			productRefGroup = B6FA71B72384734B002DA281 /* Products */;
			projectDirPath = "";
			projectRoot = "";
			targets = (
				B6FA71B52384734B002DA281 /* SneakerApp */,
			);
		};
/* End PBXProject section */

/* Begin PBXResourcesBuildPhase section */
		B6FA71B42384734B002DA281 /* Resources */ = {
			isa = PBXResourcesBuildPhase;
			buildActionMask = 2147483647;
			files = (
				B68EEF3023B0E40800C6287E /* Assets.xcassets in Resources */,
				B64868D623A7E50700D2496A /* intro.mp4 in Resources */,
				B6FA71C92384734E002DA281 /* LaunchScreen.storyboard in Resources */,
				B694A85223CDE051008DFE9F /* Arenq.otf in Resources */,
				B64868D023A7E41100D2496A /* Main.storyboard in Resources */,
				01E0C59D23CA3DE600DBDA9C /* myCollectionViewCell.xib in Resources */,
				B68EEF2B23B0DF8500C6287E /* RefreshView.xib in Resources */,
			);
			runOnlyForDeploymentPostprocessing = 0;
		};
/* End PBXResourcesBuildPhase section */

/* Begin PBXShellScriptBuildPhase section */
		EB592DD2377BB4448F8781E1 /* [CP] Check Pods Manifest.lock */ = {
			isa = PBXShellScriptBuildPhase;
			buildActionMask = 2147483647;
			files = (
			);
			inputFileListPaths = (
			);
			inputPaths = (
				"${PODS_PODFILE_DIR_PATH}/Podfile.lock",
				"${PODS_ROOT}/Manifest.lock",
			);
			name = "[CP] Check Pods Manifest.lock";
			outputFileListPaths = (
			);
			outputPaths = (
				"$(DERIVED_FILE_DIR)/Pods-SneakerApp-checkManifestLockResult.txt",
			);
			runOnlyForDeploymentPostprocessing = 0;
			shellPath = /bin/sh;
			shellScript = "diff \"${PODS_PODFILE_DIR_PATH}/Podfile.lock\" \"${PODS_ROOT}/Manifest.lock\" > /dev/null\nif [ $? != 0 ] ; then\n    # print error to STDERR\n    echo \"error: The sandbox is not in sync with the Podfile.lock. Run 'pod install' or update your CocoaPods installation.\" >&2\n    exit 1\nfi\n# This output is used by Xcode 'outputs' to avoid re-running this script phase.\necho \"SUCCESS\" > \"${SCRIPT_OUTPUT_FILE_0}\"\n";
			showEnvVarsInLog = 0;
		};
/* End PBXShellScriptBuildPhase section */

/* Begin PBXSourcesBuildPhase section */
		B6FA71B22384734B002DA281 /* Sources */ = {
			isa = PBXSourcesBuildPhase;
			buildActionMask = 2147483647;
			files = (
				01E0C59923CA3DE600DBDA9C /* CameraPreviewViewController.swift in Sources */,
				01E0C59F23CA3DE600DBDA9C /* UploadViewController.swift in Sources */,
				B6F14F6D2393144A007FDB10 /* CalenderViewController.swift in Sources */,
				01E0C59C23CA3DE600DBDA9C /* myCollectionViewCell.swift in Sources */,
				01E0C59823CA3DE600DBDA9C /* collectionDetailViewController.swift in Sources */,
				B6D688FA23CA9E6E0019B443 /* myCollectionViewCell.swift in Sources */,
				B6A388CC23B55877005206B7 /* CustomAnimator.swift in Sources */,
				B6558E4223A8EC4000776BDA /* DataController.swift in Sources */,
				B6F14F72239320B4007FDB10 /* Sneaker.swift in Sources */,
				B6D688F823CA9E6E0019B443 /* collectionDetailViewController.swift in Sources */,
				B6148013238890900018DA71 /* RoundButton.swift in Sources */,
				B6204D6E239436B8003B8E81 /* SneakerDetailViewController.swift in Sources */,
				01E0C5A023CA3DE600DBDA9C /* CameraViewController.swift in Sources */,
				B614800C23881E810018DA71 /* Post.swift in Sources */,
				B6F14F7023931C48007FDB10 /* SneakerCollectionViewCell.swift in Sources */,
				B670CEE0239EF04C00648B38 /* SearchViewController.swift in Sources */,
				01E0C59E23CA3DE600DBDA9C /* MyProfilViewController.swift in Sources */,
				B60962ED23A42E8E0046F8CA /* NewsDetail2ViewController.swift in Sources */,
				B614800E238821960018DA71 /* NewsArticleRequest.swift in Sources */,
				01E0C59A23CA3DE600DBDA9C /* PhotoPopupViewController.swift in Sources */,
				B6091C5B23A91FCB004F32D6 /* YoutubeVideoPlayer.swift in Sources */,
				B68EEF2D23B0DFAF00C6287E /* RefreshView.swift in Sources */,
				B611902C23A846820067E0A5 /* BackgroundColor.swift in Sources */,
				B6D688F923CA9E6E0019B443 /* CameraPreviewViewController.swift in Sources */,
				B6FA71C42384734B002DA281 /* SneakerApp.xcdatamodeld in Sources */,
				B633129E23A03837001A63E1 /* NewsPost.swift in Sources */,
				B6FB793323CCC6E200497AC9 /* OnboardingViewController.swift in Sources */,
				B64868D223A7E47200D2496A /* LoadingViewController.swift in Sources */,
				B6FA71BA2384734B002DA281 /* AppDelegate.swift in Sources */,
				B61480152388B16D0018DA71 /* BlogPostTableViewCell.swift in Sources */,
				B65619BA23C7D5B200E03364 /* GuideViewController.swift in Sources */,
				B6FA71BC2384734B002DA281 /* SceneDelegate.swift in Sources */,
				B6AF0A1423AF9DE500A44082 /* SneakerDetail.swift in Sources */,
				B6D7183F2390826000E2C0A2 /* BlogPostCollectionViewCell.swift in Sources */,
				B633129A23A01A2C001A63E1 /* FetchData.swift in Sources */,
				B6D688F723CA9E6E0019B443 /* CameraViewController.swift in Sources */,
				B611902E23A846A40067E0A5 /* ToastMessage.swift in Sources */,
				B6148010238829F40018DA71 /* NewsViewController.swift in Sources */,
				01E0C59B23CA3DE600DBDA9C /* MyCollectionViewController.swift in Sources */,
				B642950723CD20FB00377CEA /* LastPageViewController.swift in Sources */,
			);
			runOnlyForDeploymentPostprocessing = 0;
		};
/* End PBXSourcesBuildPhase section */

/* Begin PBXVariantGroup section */
		B6FA71C72384734E002DA281 /* LaunchScreen.storyboard */ = {
			isa = PBXVariantGroup;
			children = (
				B6FA71C82384734E002DA281 /* Base */,
			);
			name = LaunchScreen.storyboard;
			sourceTree = "<group>";
		};
/* End PBXVariantGroup section */

/* Begin XCBuildConfiguration section */
		B6FA71CB2384734E002DA281 /* Debug */ = {
			isa = XCBuildConfiguration;
			buildSettings = {
				ALWAYS_SEARCH_USER_PATHS = NO;
				CLANG_ANALYZER_NONNULL = YES;
				CLANG_ANALYZER_NUMBER_OBJECT_CONVERSION = YES_AGGRESSIVE;
				CLANG_CXX_LANGUAGE_STANDARD = "gnu++14";
				CLANG_CXX_LIBRARY = "libc++";
				CLANG_ENABLE_MODULES = YES;
				CLANG_ENABLE_OBJC_ARC = YES;
				CLANG_ENABLE_OBJC_WEAK = YES;
				CLANG_WARN_BLOCK_CAPTURE_AUTORELEASING = YES;
				CLANG_WARN_BOOL_CONVERSION = YES;
				CLANG_WARN_COMMA = YES;
				CLANG_WARN_CONSTANT_CONVERSION = YES;
				CLANG_WARN_DEPRECATED_OBJC_IMPLEMENTATIONS = YES;
				CLANG_WARN_DIRECT_OBJC_ISA_USAGE = YES_ERROR;
				CLANG_WARN_DOCUMENTATION_COMMENTS = YES;
				CLANG_WARN_EMPTY_BODY = YES;
				CLANG_WARN_ENUM_CONVERSION = YES;
				CLANG_WARN_INFINITE_RECURSION = YES;
				CLANG_WARN_INT_CONVERSION = YES;
				CLANG_WARN_NON_LITERAL_NULL_CONVERSION = YES;
				CLANG_WARN_OBJC_IMPLICIT_RETAIN_SELF = YES;
				CLANG_WARN_OBJC_LITERAL_CONVERSION = YES;
				CLANG_WARN_OBJC_ROOT_CLASS = YES_ERROR;
				CLANG_WARN_RANGE_LOOP_ANALYSIS = YES;
				CLANG_WARN_STRICT_PROTOTYPES = YES;
				CLANG_WARN_SUSPICIOUS_MOVE = YES;
				CLANG_WARN_UNGUARDED_AVAILABILITY = YES_AGGRESSIVE;
				CLANG_WARN_UNREACHABLE_CODE = YES;
				CLANG_WARN__DUPLICATE_METHOD_MATCH = YES;
				COPY_PHASE_STRIP = NO;
				DEBUG_INFORMATION_FORMAT = dwarf;
				ENABLE_STRICT_OBJC_MSGSEND = YES;
				ENABLE_TESTABILITY = YES;
				GCC_C_LANGUAGE_STANDARD = gnu11;
				GCC_DYNAMIC_NO_PIC = NO;
				GCC_NO_COMMON_BLOCKS = YES;
				GCC_OPTIMIZATION_LEVEL = 0;
				GCC_PREPROCESSOR_DEFINITIONS = (
					"DEBUG=1",
					"$(inherited)",
				);
				GCC_WARN_64_TO_32_BIT_CONVERSION = YES;
				GCC_WARN_ABOUT_RETURN_TYPE = YES_ERROR;
				GCC_WARN_UNDECLARED_SELECTOR = YES;
				GCC_WARN_UNINITIALIZED_AUTOS = YES_AGGRESSIVE;
				GCC_WARN_UNUSED_FUNCTION = YES;
				GCC_WARN_UNUSED_VARIABLE = YES;
				IPHONEOS_DEPLOYMENT_TARGET = 13.1;
				MTL_ENABLE_DEBUG_INFO = INCLUDE_SOURCE;
				MTL_FAST_MATH = YES;
				ONLY_ACTIVE_ARCH = YES;
				SDKROOT = iphoneos;
				SWIFT_ACTIVE_COMPILATION_CONDITIONS = DEBUG;
				SWIFT_OPTIMIZATION_LEVEL = "-Onone";
			};
			name = Debug;
		};
		B6FA71CC2384734E002DA281 /* Release */ = {
			isa = XCBuildConfiguration;
			buildSettings = {
				ALWAYS_SEARCH_USER_PATHS = NO;
				CLANG_ANALYZER_NONNULL = YES;
				CLANG_ANALYZER_NUMBER_OBJECT_CONVERSION = YES_AGGRESSIVE;
				CLANG_CXX_LANGUAGE_STANDARD = "gnu++14";
				CLANG_CXX_LIBRARY = "libc++";
				CLANG_ENABLE_MODULES = YES;
				CLANG_ENABLE_OBJC_ARC = YES;
				CLANG_ENABLE_OBJC_WEAK = YES;
				CLANG_WARN_BLOCK_CAPTURE_AUTORELEASING = YES;
				CLANG_WARN_BOOL_CONVERSION = YES;
				CLANG_WARN_COMMA = YES;
				CLANG_WARN_CONSTANT_CONVERSION = YES;
				CLANG_WARN_DEPRECATED_OBJC_IMPLEMENTATIONS = YES;
				CLANG_WARN_DIRECT_OBJC_ISA_USAGE = YES_ERROR;
				CLANG_WARN_DOCUMENTATION_COMMENTS = YES;
				CLANG_WARN_EMPTY_BODY = YES;
				CLANG_WARN_ENUM_CONVERSION = YES;
				CLANG_WARN_INFINITE_RECURSION = YES;
				CLANG_WARN_INT_CONVERSION = YES;
				CLANG_WARN_NON_LITERAL_NULL_CONVERSION = YES;
				CLANG_WARN_OBJC_IMPLICIT_RETAIN_SELF = YES;
				CLANG_WARN_OBJC_LITERAL_CONVERSION = YES;
				CLANG_WARN_OBJC_ROOT_CLASS = YES_ERROR;
				CLANG_WARN_RANGE_LOOP_ANALYSIS = YES;
				CLANG_WARN_STRICT_PROTOTYPES = YES;
				CLANG_WARN_SUSPICIOUS_MOVE = YES;
				CLANG_WARN_UNGUARDED_AVAILABILITY = YES_AGGRESSIVE;
				CLANG_WARN_UNREACHABLE_CODE = YES;
				CLANG_WARN__DUPLICATE_METHOD_MATCH = YES;
				COPY_PHASE_STRIP = NO;
				DEBUG_INFORMATION_FORMAT = "dwarf-with-dsym";
				ENABLE_NS_ASSERTIONS = NO;
				ENABLE_STRICT_OBJC_MSGSEND = YES;
				GCC_C_LANGUAGE_STANDARD = gnu11;
				GCC_NO_COMMON_BLOCKS = YES;
				GCC_WARN_64_TO_32_BIT_CONVERSION = YES;
				GCC_WARN_ABOUT_RETURN_TYPE = YES_ERROR;
				GCC_WARN_UNDECLARED_SELECTOR = YES;
				GCC_WARN_UNINITIALIZED_AUTOS = YES_AGGRESSIVE;
				GCC_WARN_UNUSED_FUNCTION = YES;
				GCC_WARN_UNUSED_VARIABLE = YES;
				IPHONEOS_DEPLOYMENT_TARGET = 13.1;
				MTL_ENABLE_DEBUG_INFO = NO;
				MTL_FAST_MATH = YES;
				SDKROOT = iphoneos;
				SWIFT_COMPILATION_MODE = wholemodule;
				SWIFT_OPTIMIZATION_LEVEL = "-O";
				VALIDATE_PRODUCT = YES;
			};
			name = Release;
		};
		B6FA71CE2384734E002DA281 /* Debug */ = {
			isa = XCBuildConfiguration;
			baseConfigurationReference = 94AA74E98E3A6DAF3057C76E /* Pods-SneakerApp.debug.xcconfig */;
			buildSettings = {
				ASSETCATALOG_COMPILER_APPICON_NAME = AppIcon;
				CODE_SIGN_ENTITLEMENTS = SneakerApp/SneakerApp.entitlements;
				CODE_SIGN_IDENTITY = "Apple Development";
				CODE_SIGN_STYLE = Automatic;
				DEVELOPMENT_TEAM = R62L8TFXJ4;
				INFOPLIST_FILE = SneakerApp/Info.plist;
				LD_RUNPATH_SEARCH_PATHS = (
					"$(inherited)",
					"@executable_path/Frameworks",
				);
				PRODUCT_BUNDLE_IDENTIFIER = de.hsrm.Sneakerapp;
				PRODUCT_NAME = "$(TARGET_NAME)";
				PROVISIONING_PROFILE_SPECIFIER = "";
				SWIFT_VERSION = 5.0;
				TARGETED_DEVICE_FAMILY = "1,2";
			};
			name = Debug;
		};
		B6FA71CF2384734E002DA281 /* Release */ = {
			isa = XCBuildConfiguration;
			baseConfigurationReference = 291FCB0E6C83781688CF6259 /* Pods-SneakerApp.release.xcconfig */;
			buildSettings = {
				ASSETCATALOG_COMPILER_APPICON_NAME = AppIcon;
				CODE_SIGN_ENTITLEMENTS = SneakerApp/SneakerApp.entitlements;
				CODE_SIGN_IDENTITY = "Apple Development";
				CODE_SIGN_STYLE = Automatic;
				DEVELOPMENT_TEAM = R62L8TFXJ4;
				INFOPLIST_FILE = SneakerApp/Info.plist;
				LD_RUNPATH_SEARCH_PATHS = (
					"$(inherited)",
					"@executable_path/Frameworks",
				);
				PRODUCT_BUNDLE_IDENTIFIER = de.hsrm.Sneakerapp;
				PRODUCT_NAME = "$(TARGET_NAME)";
				PROVISIONING_PROFILE_SPECIFIER = "";
				SWIFT_VERSION = 5.0;
				TARGETED_DEVICE_FAMILY = "1,2";
			};
			name = Release;
		};
/* End XCBuildConfiguration section */

/* Begin XCConfigurationList section */
		B6FA71B12384734B002DA281 /* Build configuration list for PBXProject "SneakerApp" */ = {
			isa = XCConfigurationList;
			buildConfigurations = (
				B6FA71CB2384734E002DA281 /* Debug */,
				B6FA71CC2384734E002DA281 /* Release */,
			);
			defaultConfigurationIsVisible = 0;
			defaultConfigurationName = Release;
		};
		B6FA71CD2384734E002DA281 /* Build configuration list for PBXNativeTarget "SneakerApp" */ = {
			isa = XCConfigurationList;
			buildConfigurations = (
				B6FA71CE2384734E002DA281 /* Debug */,
				B6FA71CF2384734E002DA281 /* Release */,
			);
			defaultConfigurationIsVisible = 0;
			defaultConfigurationName = Release;
		};
/* End XCConfigurationList section */

/* Begin XCVersionGroup section */
		B6FA71C22384734B002DA281 /* SneakerApp.xcdatamodeld */ = {
			isa = XCVersionGroup;
			children = (
				B6FA71C32384734B002DA281 /* SneakerApp.xcdatamodel */,
			);
			currentVersion = B6FA71C32384734B002DA281 /* SneakerApp.xcdatamodel */;
			path = SneakerApp.xcdatamodeld;
			sourceTree = "<group>";
			versionGroupType = wrapper.xcdatamodel;
		};
/* End XCVersionGroup section */
	};
	rootObject = B6FA71AE2384734B002DA281 /* Project object */;
}
